
Microsoft Visual Studio Solution File, Format Version 12.00
# Visual Studio 14
VisualStudioVersion = 14.0.25420.1
MinimumVisualStudioVersion = 10.0.40219.1
Project("{F2A71F9B-5D33-465A-A702-920D77279786}") = "day1", "day1\day1.fsproj", "{0D3E9C1B-4438-44CE-963D-7DF326B31476}"
EndProject
Project("{F2A71F9B-5D33-465A-A702-920D77279786}") = "day2", "day2\day2.fsproj", "{BE7D76AF-BCD1-4711-9BAF-23004F3BBA40}"
EndProject
Project("{F2A71F9B-5D33-465A-A702-920D77279786}") = "day3", "day3\day3.fsproj", "{CAE89AB5-AB25-4973-AEED-B0F96375C6E4}"
EndProject
Project("{F2A71F9B-5D33-465A-A702-920D77279786}") = "day4", "day4\day4.fsproj", "{633FCF50-35DF-4361-94DB-749DCDB6621D}"
EndProject
Project("{F2A71F9B-5D33-465A-A702-920D77279786}") = "day5", "day5\day5.fsproj", "{6A763B00-DB43-494F-8B8C-3E03B946D6FD}"
EndProject
Project("{F2A71F9B-5D33-465A-A702-920D77279786}") = "day6", "day6\day6.fsproj", "{6C94826C-EBE2-45F9-827F-581383851816}"
EndProject
Project("{F2A71F9B-5D33-465A-A702-920D77279786}") = "day7", "day7\day7.fsproj", "{6FE86BF7-E744-4DF7-9494-F58CBA0861DD}"
EndProject
Project("{F2A71F9B-5D33-465A-A702-920D77279786}") = "day8", "day8\day8.fsproj", "{5D62AAFD-F093-41E7-82F1-AD65ABD38096}"
EndProject
Project("{F2A71F9B-5D33-465A-A702-920D77279786}") = "day9", "day9\day9.fsproj", "{6A6C7540-0D6F-46D7-8B1A-A9B2B245E35F}"
EndProject
Project("{F2A71F9B-5D33-465A-A702-920D77279786}") = "day10", "day10\day10.fsproj", "{10E8A345-99CE-4F0A-BD60-75DDAF2E2443}"
EndProject
Project("{F2A71F9B-5D33-465A-A702-920D77279786}") = "day11", "day11\day11.fsproj", "{83AC38BA-F5DF-4A10-8258-26869779CAAC}"
EndProject
Project("{F2A71F9B-5D33-465A-A702-920D77279786}") = "day12", "day12\day12.fsproj", "{572548F0-00AC-40A9-B1E4-031C7709094E}"
EndProject
Project("{F2A71F9B-5D33-465A-A702-920D77279786}") = "day13", "day13\day13.fsproj", "{2154A4EB-3484-41AA-9C9B-2888C0A2F7D5}"
EndProject
Project("{F2A71F9B-5D33-465A-A702-920D77279786}") = "day14", "day14\day14.fsproj", "{A76F44FA-EC70-45F8-AE67-9819A2C8A944}"
EndProject
Project("{F2A71F9B-5D33-465A-A702-920D77279786}") = "day15", "day15\day15.fsproj", "{B8DB5B00-1A87-47B8-B655-FAF36DE489C1}"
EndProject
Project("{F2A71F9B-5D33-465A-A702-920D77279786}") = "day16", "day16\day16.fsproj", "{5F1EBA99-C858-4D66-BBBA-73806FCA4DBF}"
EndProject
Project("{F2A71F9B-5D33-465A-A702-920D77279786}") = "day17", "day17\day17.fsproj", "{C70EB1F8-B5A8-4C12-8C13-BAEE0B27EE76}"
EndProject
Project("{F2A71F9B-5D33-465A-A702-920D77279786}") = "day18", "day18\day18.fsproj", "{1A0292B9-0275-4DF8-B88F-B09681A6A262}"
EndProject
Project("{F2A71F9B-5D33-465A-A702-920D77279786}") = "day19", "day19\day19.fsproj", "{3EC955EB-6832-45A5-B69D-CEE989F3A6B3}"
EndProject
Project("{F2A71F9B-5D33-465A-A702-920D77279786}") = "day20", "day20\day20.fsproj", "{29276F6C-1231-434B-A449-013AD809202A}"
EndProject
Global
	GlobalSection(SolutionConfigurationPlatforms) = preSolution
		Debug|Any CPU = Debug|Any CPU
		Release|Any CPU = Release|Any CPU
	EndGlobalSection
	GlobalSection(ProjectConfigurationPlatforms) = postSolution
		{0D3E9C1B-4438-44CE-963D-7DF326B31476}.Debug|Any CPU.ActiveCfg = Debug|Any CPU
		{0D3E9C1B-4438-44CE-963D-7DF326B31476}.Debug|Any CPU.Build.0 = Debug|Any CPU
		{0D3E9C1B-4438-44CE-963D-7DF326B31476}.Release|Any CPU.ActiveCfg = Release|Any CPU
		{0D3E9C1B-4438-44CE-963D-7DF326B31476}.Release|Any CPU.Build.0 = Release|Any CPU
		{BE7D76AF-BCD1-4711-9BAF-23004F3BBA40}.Debug|Any CPU.ActiveCfg = Debug|Any CPU
		{BE7D76AF-BCD1-4711-9BAF-23004F3BBA40}.Debug|Any CPU.Build.0 = Debug|Any CPU
		{BE7D76AF-BCD1-4711-9BAF-23004F3BBA40}.Release|Any CPU.ActiveCfg = Release|Any CPU
		{BE7D76AF-BCD1-4711-9BAF-23004F3BBA40}.Release|Any CPU.Build.0 = Release|Any CPU
		{CAE89AB5-AB25-4973-AEED-B0F96375C6E4}.Debug|Any CPU.ActiveCfg = Debug|Any CPU
		{CAE89AB5-AB25-4973-AEED-B0F96375C6E4}.Debug|Any CPU.Build.0 = Debug|Any CPU
		{CAE89AB5-AB25-4973-AEED-B0F96375C6E4}.Release|Any CPU.ActiveCfg = Release|Any CPU
		{CAE89AB5-AB25-4973-AEED-B0F96375C6E4}.Release|Any CPU.Build.0 = Release|Any CPU
		{633FCF50-35DF-4361-94DB-749DCDB6621D}.Debug|Any CPU.ActiveCfg = Debug|Any CPU
		{633FCF50-35DF-4361-94DB-749DCDB6621D}.Debug|Any CPU.Build.0 = Debug|Any CPU
		{633FCF50-35DF-4361-94DB-749DCDB6621D}.Release|Any CPU.ActiveCfg = Release|Any CPU
		{633FCF50-35DF-4361-94DB-749DCDB6621D}.Release|Any CPU.Build.0 = Release|Any CPU
		{6A763B00-DB43-494F-8B8C-3E03B946D6FD}.Debug|Any CPU.ActiveCfg = Debug|Any CPU
		{6A763B00-DB43-494F-8B8C-3E03B946D6FD}.Debug|Any CPU.Build.0 = Debug|Any CPU
		{6A763B00-DB43-494F-8B8C-3E03B946D6FD}.Release|Any CPU.ActiveCfg = Release|Any CPU
		{6A763B00-DB43-494F-8B8C-3E03B946D6FD}.Release|Any CPU.Build.0 = Release|Any CPU
		{6C94826C-EBE2-45F9-827F-581383851816}.Debug|Any CPU.ActiveCfg = Debug|Any CPU
		{6C94826C-EBE2-45F9-827F-581383851816}.Debug|Any CPU.Build.0 = Debug|Any CPU
		{6C94826C-EBE2-45F9-827F-581383851816}.Release|Any CPU.ActiveCfg = Release|Any CPU
		{6C94826C-EBE2-45F9-827F-581383851816}.Release|Any CPU.Build.0 = Release|Any CPU
		{6FE86BF7-E744-4DF7-9494-F58CBA0861DD}.Debug|Any CPU.ActiveCfg = Debug|Any CPU
		{6FE86BF7-E744-4DF7-9494-F58CBA0861DD}.Debug|Any CPU.Build.0 = Debug|Any CPU
		{6FE86BF7-E744-4DF7-9494-F58CBA0861DD}.Release|Any CPU.ActiveCfg = Release|Any CPU
		{6FE86BF7-E744-4DF7-9494-F58CBA0861DD}.Release|Any CPU.Build.0 = Release|Any CPU
		{5D62AAFD-F093-41E7-82F1-AD65ABD38096}.Debug|Any CPU.ActiveCfg = Debug|Any CPU
		{5D62AAFD-F093-41E7-82F1-AD65ABD38096}.Debug|Any CPU.Build.0 = Debug|Any CPU
		{5D62AAFD-F093-41E7-82F1-AD65ABD38096}.Release|Any CPU.ActiveCfg = Release|Any CPU
		{5D62AAFD-F093-41E7-82F1-AD65ABD38096}.Release|Any CPU.Build.0 = Release|Any CPU
		{6A6C7540-0D6F-46D7-8B1A-A9B2B245E35F}.Debug|Any CPU.ActiveCfg = Debug|Any CPU
		{6A6C7540-0D6F-46D7-8B1A-A9B2B245E35F}.Debug|Any CPU.Build.0 = Debug|Any CPU
		{6A6C7540-0D6F-46D7-8B1A-A9B2B245E35F}.Release|Any CPU.ActiveCfg = Release|Any CPU
		{6A6C7540-0D6F-46D7-8B1A-A9B2B245E35F}.Release|Any CPU.Build.0 = Release|Any CPU
		{10E8A345-99CE-4F0A-BD60-75DDAF2E2443}.Debug|Any CPU.ActiveCfg = Debug|Any CPU
		{10E8A345-99CE-4F0A-BD60-75DDAF2E2443}.Debug|Any CPU.Build.0 = Debug|Any CPU
		{10E8A345-99CE-4F0A-BD60-75DDAF2E2443}.Release|Any CPU.ActiveCfg = Release|Any CPU
		{10E8A345-99CE-4F0A-BD60-75DDAF2E2443}.Release|Any CPU.Build.0 = Release|Any CPU
		{83AC38BA-F5DF-4A10-8258-26869779CAAC}.Debug|Any CPU.ActiveCfg = Debug|Any CPU
		{83AC38BA-F5DF-4A10-8258-26869779CAAC}.Debug|Any CPU.Build.0 = Debug|Any CPU
		{83AC38BA-F5DF-4A10-8258-26869779CAAC}.Release|Any CPU.ActiveCfg = Release|Any CPU
		{83AC38BA-F5DF-4A10-8258-26869779CAAC}.Release|Any CPU.Build.0 = Release|Any CPU
		{572548F0-00AC-40A9-B1E4-031C7709094E}.Debug|Any CPU.ActiveCfg = Debug|Any CPU
		{572548F0-00AC-40A9-B1E4-031C7709094E}.Debug|Any CPU.Build.0 = Debug|Any CPU
		{572548F0-00AC-40A9-B1E4-031C7709094E}.Release|Any CPU.ActiveCfg = Release|Any CPU
		{572548F0-00AC-40A9-B1E4-031C7709094E}.Release|Any CPU.Build.0 = Release|Any CPU
		{2154A4EB-3484-41AA-9C9B-2888C0A2F7D5}.Debug|Any CPU.ActiveCfg = Debug|Any CPU
		{2154A4EB-3484-41AA-9C9B-2888C0A2F7D5}.Debug|Any CPU.Build.0 = Debug|Any CPU
		{2154A4EB-3484-41AA-9C9B-2888C0A2F7D5}.Release|Any CPU.ActiveCfg = Release|Any CPU
		{2154A4EB-3484-41AA-9C9B-2888C0A2F7D5}.Release|Any CPU.Build.0 = Release|Any CPU
		{A76F44FA-EC70-45F8-AE67-9819A2C8A944}.Debug|Any CPU.ActiveCfg = Debug|Any CPU
		{A76F44FA-EC70-45F8-AE67-9819A2C8A944}.Debug|Any CPU.Build.0 = Debug|Any CPU
		{A76F44FA-EC70-45F8-AE67-9819A2C8A944}.Release|Any CPU.ActiveCfg = Release|Any CPU
		{A76F44FA-EC70-45F8-AE67-9819A2C8A944}.Release|Any CPU.Build.0 = Release|Any CPU
		{B8DB5B00-1A87-47B8-B655-FAF36DE489C1}.Debug|Any CPU.ActiveCfg = Debug|Any CPU
		{B8DB5B00-1A87-47B8-B655-FAF36DE489C1}.Debug|Any CPU.Build.0 = Debug|Any CPU
		{B8DB5B00-1A87-47B8-B655-FAF36DE489C1}.Release|Any CPU.ActiveCfg = Release|Any CPU
		{B8DB5B00-1A87-47B8-B655-FAF36DE489C1}.Release|Any CPU.Build.0 = Release|Any CPU
		{5F1EBA99-C858-4D66-BBBA-73806FCA4DBF}.Debug|Any CPU.ActiveCfg = Debug|Any CPU
		{5F1EBA99-C858-4D66-BBBA-73806FCA4DBF}.Debug|Any CPU.Build.0 = Debug|Any CPU
		{5F1EBA99-C858-4D66-BBBA-73806FCA4DBF}.Release|Any CPU.ActiveCfg = Release|Any CPU
		{5F1EBA99-C858-4D66-BBBA-73806FCA4DBF}.Release|Any CPU.Build.0 = Release|Any CPU
		{C70EB1F8-B5A8-4C12-8C13-BAEE0B27EE76}.Debug|Any CPU.ActiveCfg = Debug|Any CPU
		{C70EB1F8-B5A8-4C12-8C13-BAEE0B27EE76}.Debug|Any CPU.Build.0 = Debug|Any CPU
		{C70EB1F8-B5A8-4C12-8C13-BAEE0B27EE76}.Release|Any CPU.ActiveCfg = Release|Any CPU
		{C70EB1F8-B5A8-4C12-8C13-BAEE0B27EE76}.Release|Any CPU.Build.0 = Release|Any CPU
		{1A0292B9-0275-4DF8-B88F-B09681A6A262}.Debug|Any CPU.ActiveCfg = Debug|Any CPU
		{1A0292B9-0275-4DF8-B88F-B09681A6A262}.Debug|Any CPU.Build.0 = Debug|Any CPU
		{1A0292B9-0275-4DF8-B88F-B09681A6A262}.Release|Any CPU.ActiveCfg = Release|Any CPU
		{1A0292B9-0275-4DF8-B88F-B09681A6A262}.Release|Any CPU.Build.0 = Release|Any CPU
		{3EC955EB-6832-45A5-B69D-CEE989F3A6B3}.Debug|Any CPU.ActiveCfg = Debug|Any CPU
		{3EC955EB-6832-45A5-B69D-CEE989F3A6B3}.Debug|Any CPU.Build.0 = Debug|Any CPU
		{3EC955EB-6832-45A5-B69D-CEE989F3A6B3}.Release|Any CPU.ActiveCfg = Release|Any CPU
		{3EC955EB-6832-45A5-B69D-CEE989F3A6B3}.Release|Any CPU.Build.0 = Release|Any CPU
		{29276F6C-1231-434B-A449-013AD809202A}.Debug|Any CPU.ActiveCfg = Debug|Any CPU
		{29276F6C-1231-434B-A449-013AD809202A}.Debug|Any CPU.Build.0 = Debug|Any CPU
		{29276F6C-1231-434B-A449-013AD809202A}.Release|Any CPU.ActiveCfg = Release|Any CPU
		{29276F6C-1231-434B-A449-013AD809202A}.Release|Any CPU.Build.0 = Release|Any CPU
	EndGlobalSection
	GlobalSection(SolutionProperties) = preSolution
		HideSolutionNode = FALSE
	EndGlobalSection
EndGlobal
